
Microsoft Visual Studio Solution File, Format Version 12.00
# Visual Studio 2012
Project("{FAE04EC0-301F-11D3-BF4B-00C04F79EFBC}") = "TaskTrackerApp", "TaskTrackerApp\TaskTrackerApp.csproj", "{53FEE479-3155-41D9-8250-894E1957858C}"
EndProject
Global
	GlobalSection(SolutionConfigurationPlatforms) = preSolution
		Debug|Any CPU = Debug|Any CPU
		Release|Any CPU = Release|Any CPU
	EndGlobalSection
	GlobalSection(ProjectConfigurationPlatforms) = postSolution
		{53FEE479-3155-41D9-8250-894E1957858C}.Debug|Any CPU.ActiveCfg = Debug|Any CPU
		{53FEE479-3155-41D9-8250-894E1957858C}.Debug|Any CPU.Build.0 = Debug|Any CPU
		{53FEE479-3155-41D9-8250-894E1957858C}.Release|Any CPU.ActiveCfg = Release|Any CPU
		{53FEE479-3155-41D9-8250-894E1957858C}.Release|Any CPU.Build.0 = Release|Any CPU
	EndGlobalSection
	GlobalSection(SolutionProperties) = preSolution
		HideSolutionNode = FALSE
	EndGlobalSection
EndGlobal
